// !$*UTF8*$!
{
	archiveVersion = 1;
	classes = {
	};
	objectVersion = 56;
	objects = {

/* Begin PBXBuildFile section */
		A65ADC8D2B34747E00583DF1 /* HotelMainView.swift in Sources */ = {isa = PBXBuildFile; fileRef = A65ADC8C2B34747E00583DF1 /* HotelMainView.swift */; };
		A65ADC962B35A65600583DF1 /* Font+.swift in Sources */ = {isa = PBXBuildFile; fileRef = A65ADC952B35A65600583DF1 /* Font+.swift */; };
		A65ADC982B35A82F00583DF1 /* Color+.swift in Sources */ = {isa = PBXBuildFile; fileRef = A65ADC972B35A82F00583DF1 /* Color+.swift */; };
		A65ADC9B2B35AA5A00583DF1 /* Localizable.swift in Sources */ = {isa = PBXBuildFile; fileRef = A65ADC9A2B35AA5A00583DF1 /* Localizable.swift */; };
		A65ADC9D2B35AA9000583DF1 /* Localizable.strings in Resources */ = {isa = PBXBuildFile; fileRef = A65ADC9C2B35AA9000583DF1 /* Localizable.strings */; };
		A65ADCA02B35E2B100583DF1 /* PageControl.swift in Sources */ = {isa = PBXBuildFile; fileRef = A65ADC9F2B35E2B100583DF1 /* PageControl.swift */; };
		A65ADCA22B35E38200583DF1 /* ImageSlider.swift in Sources */ = {isa = PBXBuildFile; fileRef = A65ADCA12B35E38200583DF1 /* ImageSlider.swift */; };
		A65ADCA62B35E63200583DF1 /* HotelMainViewModel.swift in Sources */ = {isa = PBXBuildFile; fileRef = A65ADCA52B35E63200583DF1 /* HotelMainViewModel.swift */; };
		A65ADCA82B35E67D00583DF1 /* Image+.swift in Sources */ = {isa = PBXBuildFile; fileRef = A65ADCA72B35E67D00583DF1 /* Image+.swift */; };
		A65ADCAA2B35E7E800583DF1 /* Buttons.swift in Sources */ = {isa = PBXBuildFile; fileRef = A65ADCA92B35E7E800583DF1 /* Buttons.swift */; };
		A68499312B3461870003E5A9 /* BookingApp.swift in Sources */ = {isa = PBXBuildFile; fileRef = A68499302B3461870003E5A9 /* BookingApp.swift */; };
		A68499332B3461870003E5A9 /* ContentView.swift in Sources */ = {isa = PBXBuildFile; fileRef = A68499322B3461870003E5A9 /* ContentView.swift */; };
		A68499352B3461880003E5A9 /* Assets.xcassets in Resources */ = {isa = PBXBuildFile; fileRef = A68499342B3461880003E5A9 /* Assets.xcassets */; };
		A68499392B3461880003E5A9 /* Preview Assets.xcassets in Resources */ = {isa = PBXBuildFile; fileRef = A68499382B3461880003E5A9 /* Preview Assets.xcassets */; };
		A68499432B3461880003E5A9 /* BookingTests.swift in Sources */ = {isa = PBXBuildFile; fileRef = A68499422B3461880003E5A9 /* BookingTests.swift */; };
		A684994D2B3461880003E5A9 /* BookingUITests.swift in Sources */ = {isa = PBXBuildFile; fileRef = A684994C2B3461880003E5A9 /* BookingUITests.swift */; };
		A684994F2B3461880003E5A9 /* BookingUITestsLaunchTests.swift in Sources */ = {isa = PBXBuildFile; fileRef = A684994E2B3461880003E5A9 /* BookingUITestsLaunchTests.swift */; };
/* End PBXBuildFile section */

/* Begin PBXContainerItemProxy section */
		A684993F2B3461880003E5A9 /* PBXContainerItemProxy */ = {
			isa = PBXContainerItemProxy;
			containerPortal = A68499252B3461870003E5A9 /* Project object */;
			proxyType = 1;
			remoteGlobalIDString = A684992C2B3461870003E5A9;
			remoteInfo = Booking;
		};
		A68499492B3461880003E5A9 /* PBXContainerItemProxy */ = {
			isa = PBXContainerItemProxy;
			containerPortal = A68499252B3461870003E5A9 /* Project object */;
			proxyType = 1;
			remoteGlobalIDString = A684992C2B3461870003E5A9;
			remoteInfo = Booking;
		};
/* End PBXContainerItemProxy section */

/* Begin PBXFileReference section */
		A65ADC8C2B34747E00583DF1 /* HotelMainView.swift */ = {isa = PBXFileReference; lastKnownFileType = sourcecode.swift; path = HotelMainView.swift; sourceTree = "<group>"; };
		A65ADC952B35A65600583DF1 /* Font+.swift */ = {isa = PBXFileReference; lastKnownFileType = sourcecode.swift; path = "Font+.swift"; sourceTree = "<group>"; };
		A65ADC972B35A82F00583DF1 /* Color+.swift */ = {isa = PBXFileReference; lastKnownFileType = sourcecode.swift; path = "Color+.swift"; sourceTree = "<group>"; };
		A65ADC9A2B35AA5A00583DF1 /* Localizable.swift */ = {isa = PBXFileReference; lastKnownFileType = sourcecode.swift; path = Localizable.swift; sourceTree = "<group>"; };
		A65ADC9C2B35AA9000583DF1 /* Localizable.strings */ = {isa = PBXFileReference; lastKnownFileType = text.plist.strings; path = Localizable.strings; sourceTree = "<group>"; };
		A65ADC9F2B35E2B100583DF1 /* PageControl.swift */ = {isa = PBXFileReference; lastKnownFileType = sourcecode.swift; path = PageControl.swift; sourceTree = "<group>"; };
		A65ADCA12B35E38200583DF1 /* ImageSlider.swift */ = {isa = PBXFileReference; lastKnownFileType = sourcecode.swift; path = ImageSlider.swift; sourceTree = "<group>"; };
		A65ADCA52B35E63200583DF1 /* HotelMainViewModel.swift */ = {isa = PBXFileReference; lastKnownFileType = sourcecode.swift; path = HotelMainViewModel.swift; sourceTree = "<group>"; };
		A65ADCA72B35E67D00583DF1 /* Image+.swift */ = {isa = PBXFileReference; lastKnownFileType = sourcecode.swift; path = "Image+.swift"; sourceTree = "<group>"; };
		A65ADCA92B35E7E800583DF1 /* Buttons.swift */ = {isa = PBXFileReference; lastKnownFileType = sourcecode.swift; path = Buttons.swift; sourceTree = "<group>"; };
		A684992D2B3461870003E5A9 /* Booking.app */ = {isa = PBXFileReference; explicitFileType = wrapper.application; includeInIndex = 0; path = Booking.app; sourceTree = BUILT_PRODUCTS_DIR; };
		A68499302B3461870003E5A9 /* BookingApp.swift */ = {isa = PBXFileReference; lastKnownFileType = sourcecode.swift; path = BookingApp.swift; sourceTree = "<group>"; };
		A68499322B3461870003E5A9 /* ContentView.swift */ = {isa = PBXFileReference; lastKnownFileType = sourcecode.swift; path = ContentView.swift; sourceTree = "<group>"; };
		A68499342B3461880003E5A9 /* Assets.xcassets */ = {isa = PBXFileReference; lastKnownFileType = folder.assetcatalog; path = Assets.xcassets; sourceTree = "<group>"; };
		A68499362B3461880003E5A9 /* Booking.entitlements */ = {isa = PBXFileReference; lastKnownFileType = text.plist.entitlements; path = Booking.entitlements; sourceTree = "<group>"; };
		A68499382B3461880003E5A9 /* Preview Assets.xcassets */ = {isa = PBXFileReference; lastKnownFileType = folder.assetcatalog; path = "Preview Assets.xcassets"; sourceTree = "<group>"; };
		A684993E2B3461880003E5A9 /* BookingTests.xctest */ = {isa = PBXFileReference; explicitFileType = wrapper.cfbundle; includeInIndex = 0; path = BookingTests.xctest; sourceTree = BUILT_PRODUCTS_DIR; };
		A68499422B3461880003E5A9 /* BookingTests.swift */ = {isa = PBXFileReference; lastKnownFileType = sourcecode.swift; path = BookingTests.swift; sourceTree = "<group>"; };
		A68499482B3461880003E5A9 /* BookingUITests.xctest */ = {isa = PBXFileReference; explicitFileType = wrapper.cfbundle; includeInIndex = 0; path = BookingUITests.xctest; sourceTree = BUILT_PRODUCTS_DIR; };
		A684994C2B3461880003E5A9 /* BookingUITests.swift */ = {isa = PBXFileReference; lastKnownFileType = sourcecode.swift; path = BookingUITests.swift; sourceTree = "<group>"; };
		A684994E2B3461880003E5A9 /* BookingUITestsLaunchTests.swift */ = {isa = PBXFileReference; lastKnownFileType = sourcecode.swift; path = BookingUITestsLaunchTests.swift; sourceTree = "<group>"; };
/* End PBXFileReference section */

/* Begin PBXFrameworksBuildPhase section */
		A684992A2B3461870003E5A9 /* Frameworks */ = {
			isa = PBXFrameworksBuildPhase;
			buildActionMask = 2147483647;
			files = (
			);
			runOnlyForDeploymentPostprocessing = 0;
		};
		A684993B2B3461880003E5A9 /* Frameworks */ = {
			isa = PBXFrameworksBuildPhase;
			buildActionMask = 2147483647;
			files = (
			);
			runOnlyForDeploymentPostprocessing = 0;
		};
		A68499452B3461880003E5A9 /* Frameworks */ = {
			isa = PBXFrameworksBuildPhase;
			buildActionMask = 2147483647;
			files = (
			);
			runOnlyForDeploymentPostprocessing = 0;
		};
/* End PBXFrameworksBuildPhase section */

/* Begin PBXGroup section */
		A65ADC8B2B34746200583DF1 /* HotelMain */ = {
			isa = PBXGroup;
			children = (
				A65ADCA42B35E62000583DF1 /* View */,
				A65ADCA32B35E61300583DF1 /* ViewModel */,
			);
			path = HotelMain;
			sourceTree = "<group>";
		};
		A65ADC902B3474B400583DF1 /* Main */ = {
			isa = PBXGroup;
			children = (
				A68499302B3461870003E5A9 /* BookingApp.swift */,
			);
			path = Main;
			sourceTree = "<group>";
		};
		A65ADC942B35A63B00583DF1 /* Extensions */ = {
			isa = PBXGroup;
			children = (
				A65ADC952B35A65600583DF1 /* Font+.swift */,
				A65ADC972B35A82F00583DF1 /* Color+.swift */,
				A65ADCA72B35E67D00583DF1 /* Image+.swift */,
			);
			path = Extensions;
			sourceTree = "<group>";
		};
		A65ADC992B35AA3D00583DF1 /* Localization */ = {
			isa = PBXGroup;
			children = (
				A65ADC9A2B35AA5A00583DF1 /* Localizable.swift */,
				A65ADC9C2B35AA9000583DF1 /* Localizable.strings */,
			);
			path = Localization;
			sourceTree = "<group>";
		};
		A65ADC9E2B35E28E00583DF1 /* UIComponents */ = {
			isa = PBXGroup;
			children = (
				A65ADC9F2B35E2B100583DF1 /* PageControl.swift */,
				A65ADCA12B35E38200583DF1 /* ImageSlider.swift */,
				A65ADCA92B35E7E800583DF1 /* Buttons.swift */,
			);
			path = UIComponents;
			sourceTree = "<group>";
		};
		A65ADCA32B35E61300583DF1 /* ViewModel */ = {
			isa = PBXGroup;
			children = (
				A65ADCA52B35E63200583DF1 /* HotelMainViewModel.swift */,
			);
			path = ViewModel;
			sourceTree = "<group>";
		};
		A65ADCA42B35E62000583DF1 /* View */ = {
			isa = PBXGroup;
			children = (
				A65ADC8C2B34747E00583DF1 /* HotelMainView.swift */,
			);
			path = View;
			sourceTree = "<group>";
		};
		A68499242B3461870003E5A9 = {
			isa = PBXGroup;
			children = (
				A684992F2B3461870003E5A9 /* Booking */,
				A68499412B3461880003E5A9 /* BookingTests */,
				A684994B2B3461880003E5A9 /* BookingUITests */,
				A684992E2B3461870003E5A9 /* Products */,
			);
			sourceTree = "<group>";
		};
		A684992E2B3461870003E5A9 /* Products */ = {
			isa = PBXGroup;
			children = (
				A684992D2B3461870003E5A9 /* Booking.app */,
				A684993E2B3461880003E5A9 /* BookingTests.xctest */,
				A68499482B3461880003E5A9 /* BookingUITests.xctest */,
			);
			name = Products;
			sourceTree = "<group>";
		};
		A684992F2B3461870003E5A9 /* Booking */ = {
			isa = PBXGroup;
			children = (
				A65ADC9E2B35E28E00583DF1 /* UIComponents */,
				A65ADC992B35AA3D00583DF1 /* Localization */,
				A65ADC942B35A63B00583DF1 /* Extensions */,
				A65ADC902B3474B400583DF1 /* Main */,
				A68499322B3461870003E5A9 /* ContentView.swift */,
				A65ADC8B2B34746200583DF1 /* HotelMain */,
				A68499342B3461880003E5A9 /* Assets.xcassets */,
				A68499362B3461880003E5A9 /* Booking.entitlements */,
				A68499372B3461880003E5A9 /* Preview Content */,
			);
			path = Booking;
			sourceTree = "<group>";
		};
		A68499372B3461880003E5A9 /* Preview Content */ = {
			isa = PBXGroup;
			children = (
				A68499382B3461880003E5A9 /* Preview Assets.xcassets */,
			);
			path = "Preview Content";
			sourceTree = "<group>";
		};
		A68499412B3461880003E5A9 /* BookingTests */ = {
			isa = PBXGroup;
			children = (
				A68499422B3461880003E5A9 /* BookingTests.swift */,
			);
			path = BookingTests;
			sourceTree = "<group>";
		};
		A684994B2B3461880003E5A9 /* BookingUITests */ = {
			isa = PBXGroup;
			children = (
				A684994C2B3461880003E5A9 /* BookingUITests.swift */,
				A684994E2B3461880003E5A9 /* BookingUITestsLaunchTests.swift */,
			);
			path = BookingUITests;
			sourceTree = "<group>";
		};
/* End PBXGroup section */

/* Begin PBXNativeTarget section */
		A684992C2B3461870003E5A9 /* Booking */ = {
			isa = PBXNativeTarget;
			buildConfigurationList = A68499522B3461880003E5A9 /* Build configuration list for PBXNativeTarget "Booking" */;
			buildPhases = (
				A68499292B3461870003E5A9 /* Sources */,
				A684992A2B3461870003E5A9 /* Frameworks */,
				A684992B2B3461870003E5A9 /* Resources */,
			);
			buildRules = (
			);
			dependencies = (
			);
			name = Booking;
			productName = Booking;
			productReference = A684992D2B3461870003E5A9 /* Booking.app */;
			productType = "com.apple.product-type.application";
		};
		A684993D2B3461880003E5A9 /* BookingTests */ = {
			isa = PBXNativeTarget;
			buildConfigurationList = A68499552B3461880003E5A9 /* Build configuration list for PBXNativeTarget "BookingTests" */;
			buildPhases = (
				A684993A2B3461880003E5A9 /* Sources */,
				A684993B2B3461880003E5A9 /* Frameworks */,
				A684993C2B3461880003E5A9 /* Resources */,
			);
			buildRules = (
			);
			dependencies = (
				A68499402B3461880003E5A9 /* PBXTargetDependency */,
			);
			name = BookingTests;
			productName = BookingTests;
			productReference = A684993E2B3461880003E5A9 /* BookingTests.xctest */;
			productType = "com.apple.product-type.bundle.unit-test";
		};
		A68499472B3461880003E5A9 /* BookingUITests */ = {
			isa = PBXNativeTarget;
			buildConfigurationList = A68499582B3461880003E5A9 /* Build configuration list for PBXNativeTarget "BookingUITests" */;
			buildPhases = (
				A68499442B3461880003E5A9 /* Sources */,
				A68499452B3461880003E5A9 /* Frameworks */,
				A68499462B3461880003E5A9 /* Resources */,
			);
			buildRules = (
			);
			dependencies = (
				A684994A2B3461880003E5A9 /* PBXTargetDependency */,
			);
			name = BookingUITests;
			productName = BookingUITests;
			productReference = A68499482B3461880003E5A9 /* BookingUITests.xctest */;
			productType = "com.apple.product-type.bundle.ui-testing";
		};
/* End PBXNativeTarget section */

/* Begin PBXProject section */
		A68499252B3461870003E5A9 /* Project object */ = {
			isa = PBXProject;
			attributes = {
				BuildIndependentTargetsInParallel = 1;
				LastSwiftUpdateCheck = 1510;
				LastUpgradeCheck = 1510;
				TargetAttributes = {
					A684992C2B3461870003E5A9 = {
						CreatedOnToolsVersion = 15.1;
					};
					A684993D2B3461880003E5A9 = {
						CreatedOnToolsVersion = 15.1;
						TestTargetID = A684992C2B3461870003E5A9;
					};
					A68499472B3461880003E5A9 = {
						CreatedOnToolsVersion = 15.1;
						TestTargetID = A684992C2B3461870003E5A9;
					};
				};
			};
			buildConfigurationList = A68499282B3461870003E5A9 /* Build configuration list for PBXProject "Booking" */;
			compatibilityVersion = "Xcode 14.0";
			developmentRegion = en;
			hasScannedForEncodings = 0;
			knownRegions = (
				en,
				Base,
			);
			mainGroup = A68499242B3461870003E5A9;
			productRefGroup = A684992E2B3461870003E5A9 /* Products */;
			projectDirPath = "";
			projectRoot = "";
			targets = (
				A684992C2B3461870003E5A9 /* Booking */,
				A684993D2B3461880003E5A9 /* BookingTests */,
				A68499472B3461880003E5A9 /* BookingUITests */,
			);
		};
/* End PBXProject section */

/* Begin PBXResourcesBuildPhase section */
		A684992B2B3461870003E5A9 /* Resources */ = {
			isa = PBXResourcesBuildPhase;
			buildActionMask = 2147483647;
			files = (
				A68499392B3461880003E5A9 /* Preview Assets.xcassets in Resources */,
				A65ADC9D2B35AA9000583DF1 /* Localizable.strings in Resources */,
				A68499352B3461880003E5A9 /* Assets.xcassets in Resources */,
			);
			runOnlyForDeploymentPostprocessing = 0;
		};
		A684993C2B3461880003E5A9 /* Resources */ = {
			isa = PBXResourcesBuildPhase;
			buildActionMask = 2147483647;
			files = (
			);
			runOnlyForDeploymentPostprocessing = 0;
		};
		A68499462B3461880003E5A9 /* Resources */ = {
			isa = PBXResourcesBuildPhase;
			buildActionMask = 2147483647;
			files = (
			);
			runOnlyForDeploymentPostprocessing = 0;
		};
/* End PBXResourcesBuildPhase section */

/* Begin PBXSourcesBuildPhase section */
		A68499292B3461870003E5A9 /* Sources */ = {
			isa = PBXSourcesBuildPhase;
			buildActionMask = 2147483647;
			files = (
				A65ADC962B35A65600583DF1 /* Font+.swift in Sources */,
				A65ADCA02B35E2B100583DF1 /* PageControl.swift in Sources */,
				A65ADCA22B35E38200583DF1 /* ImageSlider.swift in Sources */,
				A65ADCAA2B35E7E800583DF1 /* Buttons.swift in Sources */,
				A65ADC982B35A82F00583DF1 /* Color+.swift in Sources */,
				A68499332B3461870003E5A9 /* ContentView.swift in Sources */,
				A65ADC8D2B34747E00583DF1 /* HotelMainView.swift in Sources */,
				A65ADC9B2B35AA5A00583DF1 /* Localizable.swift in Sources */,
				A65ADCA82B35E67D00583DF1 /* Image+.swift in Sources */,
				A65ADCA62B35E63200583DF1 /* HotelMainViewModel.swift in Sources */,
				A68499312B3461870003E5A9 /* BookingApp.swift in Sources */,
			);
			runOnlyForDeploymentPostprocessing = 0;
		};
		A684993A2B3461880003E5A9 /* Sources */ = {
			isa = PBXSourcesBuildPhase;
			buildActionMask = 2147483647;
			files = (
				A68499432B3461880003E5A9 /* BookingTests.swift in Sources */,
			);
			runOnlyForDeploymentPostprocessing = 0;
		};
		A68499442B3461880003E5A9 /* Sources */ = {
			isa = PBXSourcesBuildPhase;
			buildActionMask = 2147483647;
			files = (
				A684994F2B3461880003E5A9 /* BookingUITestsLaunchTests.swift in Sources */,
				A684994D2B3461880003E5A9 /* BookingUITests.swift in Sources */,
			);
			runOnlyForDeploymentPostprocessing = 0;
		};
/* End PBXSourcesBuildPhase section */

/* Begin PBXTargetDependency section */
		A68499402B3461880003E5A9 /* PBXTargetDependency */ = {
			isa = PBXTargetDependency;
			target = A684992C2B3461870003E5A9 /* Booking */;
			targetProxy = A684993F2B3461880003E5A9 /* PBXContainerItemProxy */;
		};
		A684994A2B3461880003E5A9 /* PBXTargetDependency */ = {
			isa = PBXTargetDependency;
			target = A684992C2B3461870003E5A9 /* Booking */;
			targetProxy = A68499492B3461880003E5A9 /* PBXContainerItemProxy */;
		};
/* End PBXTargetDependency section */

/* Begin XCBuildConfiguration section */
		A68499502B3461880003E5A9 /* Debug */ = {
			isa = XCBuildConfiguration;
			buildSettings = {
				ALWAYS_SEARCH_USER_PATHS = NO;
				ASSETCATALOG_COMPILER_GENERATE_SWIFT_ASSET_SYMBOL_EXTENSIONS = YES;
				CLANG_ANALYZER_NONNULL = YES;
				CLANG_ANALYZER_NUMBER_OBJECT_CONVERSION = YES_AGGRESSIVE;
				CLANG_CXX_LANGUAGE_STANDARD = "gnu++20";
				CLANG_ENABLE_MODULES = YES;
				CLANG_ENABLE_OBJC_ARC = YES;
				CLANG_ENABLE_OBJC_WEAK = YES;
				CLANG_WARN_BLOCK_CAPTURE_AUTORELEASING = YES;
				CLANG_WARN_BOOL_CONVERSION = YES;
				CLANG_WARN_COMMA = YES;
				CLANG_WARN_CONSTANT_CONVERSION = YES;
				CLANG_WARN_DEPRECATED_OBJC_IMPLEMENTATIONS = YES;
				CLANG_WARN_DIRECT_OBJC_ISA_USAGE = YES_ERROR;
				CLANG_WARN_DOCUMENTATION_COMMENTS = YES;
				CLANG_WARN_EMPTY_BODY = YES;
				CLANG_WARN_ENUM_CONVERSION = YES;
				CLANG_WARN_INFINITE_RECURSION = YES;
				CLANG_WARN_INT_CONVERSION = YES;
				CLANG_WARN_NON_LITERAL_NULL_CONVERSION = YES;
				CLANG_WARN_OBJC_IMPLICIT_RETAIN_SELF = YES;
				CLANG_WARN_OBJC_LITERAL_CONVERSION = YES;
				CLANG_WARN_OBJC_ROOT_CLASS = YES_ERROR;
				CLANG_WARN_QUOTED_INCLUDE_IN_FRAMEWORK_HEADER = YES;
				CLANG_WARN_RANGE_LOOP_ANALYSIS = YES;
				CLANG_WARN_STRICT_PROTOTYPES = YES;
				CLANG_WARN_SUSPICIOUS_MOVE = YES;
				CLANG_WARN_UNGUARDED_AVAILABILITY = YES_AGGRESSIVE;
				CLANG_WARN_UNREACHABLE_CODE = YES;
				CLANG_WARN__DUPLICATE_METHOD_MATCH = YES;
				COPY_PHASE_STRIP = NO;
				DEBUG_INFORMATION_FORMAT = dwarf;
				ENABLE_STRICT_OBJC_MSGSEND = YES;
				ENABLE_TESTABILITY = YES;
				ENABLE_USER_SCRIPT_SANDBOXING = YES;
				GCC_C_LANGUAGE_STANDARD = gnu17;
				GCC_DYNAMIC_NO_PIC = NO;
				GCC_NO_COMMON_BLOCKS = YES;
				GCC_OPTIMIZATION_LEVEL = 0;
				GCC_PREPROCESSOR_DEFINITIONS = (
					"DEBUG=1",
					"$(inherited)",
				);
				GCC_WARN_64_TO_32_BIT_CONVERSION = YES;
				GCC_WARN_ABOUT_RETURN_TYPE = YES_ERROR;
				GCC_WARN_UNDECLARED_SELECTOR = YES;
				GCC_WARN_UNINITIALIZED_AUTOS = YES_AGGRESSIVE;
				GCC_WARN_UNUSED_FUNCTION = YES;
				GCC_WARN_UNUSED_VARIABLE = YES;
				LOCALIZATION_PREFERS_STRING_CATALOGS = YES;
				MTL_ENABLE_DEBUG_INFO = INCLUDE_SOURCE;
				MTL_FAST_MATH = YES;
				ONLY_ACTIVE_ARCH = YES;
				SWIFT_ACTIVE_COMPILATION_CONDITIONS = "DEBUG $(inherited)";
				SWIFT_OPTIMIZATION_LEVEL = "-Onone";
			};
			name = Debug;
		};
		A68499512B3461880003E5A9 /* Release */ = {
			isa = XCBuildConfiguration;
			buildSettings = {
				ALWAYS_SEARCH_USER_PATHS = NO;
				ASSETCATALOG_COMPILER_GENERATE_SWIFT_ASSET_SYMBOL_EXTENSIONS = YES;
				CLANG_ANALYZER_NONNULL = YES;
				CLANG_ANALYZER_NUMBER_OBJECT_CONVERSION = YES_AGGRESSIVE;
				CLANG_CXX_LANGUAGE_STANDARD = "gnu++20";
				CLANG_ENABLE_MODULES = YES;
				CLANG_ENABLE_OBJC_ARC = YES;
				CLANG_ENABLE_OBJC_WEAK = YES;
				CLANG_WARN_BLOCK_CAPTURE_AUTORELEASING = YES;
				CLANG_WARN_BOOL_CONVERSION = YES;
				CLANG_WARN_COMMA = YES;
				CLANG_WARN_CONSTANT_CONVERSION = YES;
				CLANG_WARN_DEPRECATED_OBJC_IMPLEMENTATIONS = YES;
				CLANG_WARN_DIRECT_OBJC_ISA_USAGE = YES_ERROR;
				CLANG_WARN_DOCUMENTATION_COMMENTS = YES;
				CLANG_WARN_EMPTY_BODY = YES;
				CLANG_WARN_ENUM_CONVERSION = YES;
				CLANG_WARN_INFINITE_RECURSION = YES;
				CLANG_WARN_INT_CONVERSION = YES;
				CLANG_WARN_NON_LITERAL_NULL_CONVERSION = YES;
				CLANG_WARN_OBJC_IMPLICIT_RETAIN_SELF = YES;
				CLANG_WARN_OBJC_LITERAL_CONVERSION = YES;
				CLANG_WARN_OBJC_ROOT_CLASS = YES_ERROR;
				CLANG_WARN_QUOTED_INCLUDE_IN_FRAMEWORK_HEADER = YES;
				CLANG_WARN_RANGE_LOOP_ANALYSIS = YES;
				CLANG_WARN_STRICT_PROTOTYPES = YES;
				CLANG_WARN_SUSPICIOUS_MOVE = YES;
				CLANG_WARN_UNGUARDED_AVAILABILITY = YES_AGGRESSIVE;
				CLANG_WARN_UNREACHABLE_CODE = YES;
				CLANG_WARN__DUPLICATE_METHOD_MATCH = YES;
				COPY_PHASE_STRIP = NO;
				DEBUG_INFORMATION_FORMAT = "dwarf-with-dsym";
				ENABLE_NS_ASSERTIONS = NO;
				ENABLE_STRICT_OBJC_MSGSEND = YES;
				ENABLE_USER_SCRIPT_SANDBOXING = YES;
				GCC_C_LANGUAGE_STANDARD = gnu17;
				GCC_NO_COMMON_BLOCKS = YES;
				GCC_WARN_64_TO_32_BIT_CONVERSION = YES;
				GCC_WARN_ABOUT_RETURN_TYPE = YES_ERROR;
				GCC_WARN_UNDECLARED_SELECTOR = YES;
				GCC_WARN_UNINITIALIZED_AUTOS = YES_AGGRESSIVE;
				GCC_WARN_UNUSED_FUNCTION = YES;
				GCC_WARN_UNUSED_VARIABLE = YES;
				LOCALIZATION_PREFERS_STRING_CATALOGS = YES;
				MTL_ENABLE_DEBUG_INFO = NO;
				MTL_FAST_MATH = YES;
				SWIFT_COMPILATION_MODE = wholemodule;
			};
			name = Release;
		};
		A68499532B3461880003E5A9 /* Debug */ = {
			isa = XCBuildConfiguration;
			buildSettings = {
				ASSETCATALOG_COMPILER_APPICON_NAME = AppIcon;
				ASSETCATALOG_COMPILER_GLOBAL_ACCENT_COLOR_NAME = AccentColor;
				CODE_SIGN_ENTITLEMENTS = Booking/Booking.entitlements;
				CODE_SIGN_STYLE = Automatic;
				CURRENT_PROJECT_VERSION = 1;
				DEVELOPMENT_ASSET_PATHS = "\"Booking/Preview Content\"";
				ENABLE_PREVIEWS = YES;
				GENERATE_INFOPLIST_FILE = YES;
				"INFOPLIST_KEY_UIApplicationSceneManifest_Generation[sdk=iphoneos*]" = YES;
				"INFOPLIST_KEY_UIApplicationSceneManifest_Generation[sdk=iphonesimulator*]" = YES;
				"INFOPLIST_KEY_UIApplicationSupportsIndirectInputEvents[sdk=iphoneos*]" = YES;
				"INFOPLIST_KEY_UIApplicationSupportsIndirectInputEvents[sdk=iphonesimulator*]" = YES;
				"INFOPLIST_KEY_UILaunchScreen_Generation[sdk=iphoneos*]" = YES;
				"INFOPLIST_KEY_UILaunchScreen_Generation[sdk=iphonesimulator*]" = YES;
				"INFOPLIST_KEY_UIStatusBarStyle[sdk=iphoneos*]" = UIStatusBarStyleDefault;
				"INFOPLIST_KEY_UIStatusBarStyle[sdk=iphonesimulator*]" = UIStatusBarStyleDefault;
				INFOPLIST_KEY_UISupportedInterfaceOrientations_iPad = "UIInterfaceOrientationPortrait UIInterfaceOrientationPortraitUpsideDown UIInterfaceOrientationLandscapeLeft UIInterfaceOrientationLandscapeRight";
				INFOPLIST_KEY_UISupportedInterfaceOrientations_iPhone = "UIInterfaceOrientationPortrait UIInterfaceOrientationLandscapeLeft UIInterfaceOrientationLandscapeRight";
				IPHONEOS_DEPLOYMENT_TARGET = 17.2;
				LD_RUNPATH_SEARCH_PATHS = "@executable_path/Frameworks";
				"LD_RUNPATH_SEARCH_PATHS[sdk=macosx*]" = "@executable_path/../Frameworks";
				MACOSX_DEPLOYMENT_TARGET = 14.1;
				MARKETING_VERSION = 1.0;
				PRODUCT_BUNDLE_IDENTIFIER = test.Booking;
				PRODUCT_NAME = "$(TARGET_NAME)";
				SDKROOT = auto;
				SUPPORTED_PLATFORMS = "iphoneos iphonesimulator macosx";
				SWIFT_EMIT_LOC_STRINGS = YES;
				SWIFT_VERSION = 5.0;
				TARGETED_DEVICE_FAMILY = "1,2";
			};
			name = Debug;
		};
		A68499542B3461880003E5A9 /* Release */ = {
			isa = XCBuildConfiguration;
			buildSettings = {
				ASSETCATALOG_COMPILER_APPICON_NAME = AppIcon;
				ASSETCATALOG_COMPILER_GLOBAL_ACCENT_COLOR_NAME = AccentColor;
				CODE_SIGN_ENTITLEMENTS = Booking/Booking.entitlements;
				CODE_SIGN_STYLE = Automatic;
				CURRENT_PROJECT_VERSION = 1;
				DEVELOPMENT_ASSET_PATHS = "\"Booking/Preview Content\"";
				ENABLE_PREVIEWS = YES;
				GENERATE_INFOPLIST_FILE = YES;
				"INFOPLIST_KEY_UIApplicationSceneManifest_Generation[sdk=iphoneos*]" = YES;
				"INFOPLIST_KEY_UIApplicationSceneManifest_Generation[sdk=iphonesimulator*]" = YES;
				"INFOPLIST_KEY_UIApplicationSupportsIndirectInputEvents[sdk=iphoneos*]" = YES;
				"INFOPLIST_KEY_UIApplicationSupportsIndirectInputEvents[sdk=iphonesimulator*]" = YES;
				"INFOPLIST_KEY_UILaunchScreen_Generation[sdk=iphoneos*]" = YES;
				"INFOPLIST_KEY_UILaunchScreen_Generation[sdk=iphonesimulator*]" = YES;
				"INFOPLIST_KEY_UIStatusBarStyle[sdk=iphoneos*]" = UIStatusBarStyleDefault;
				"INFOPLIST_KEY_UIStatusBarStyle[sdk=iphonesimulator*]" = UIStatusBarStyleDefault;
				INFOPLIST_KEY_UISupportedInterfaceOrientations_iPad = "UIInterfaceOrientationPortrait UIInterfaceOrientationPortraitUpsideDown UIInterfaceOrientationLandscapeLeft UIInterfaceOrientationLandscapeRight";
				INFOPLIST_KEY_UISupportedInterfaceOrientations_iPhone = "UIInterfaceOrientationPortrait UIInterfaceOrientationLandscapeLeft UIInterfaceOrientationLandscapeRight";
				IPHONEOS_DEPLOYMENT_TARGET = 17.2;
				LD_RUNPATH_SEARCH_PATHS = "@executable_path/Frameworks";
				"LD_RUNPATH_SEARCH_PATHS[sdk=macosx*]" = "@executable_path/../Frameworks";
				MACOSX_DEPLOYMENT_TARGET = 14.1;
				MARKETING_VERSION = 1.0;
				PRODUCT_BUNDLE_IDENTIFIER = test.Booking;
				PRODUCT_NAME = "$(TARGET_NAME)";
				SDKROOT = auto;
				SUPPORTED_PLATFORMS = "iphoneos iphonesimulator macosx";
				SWIFT_EMIT_LOC_STRINGS = YES;
				SWIFT_VERSION = 5.0;
				TARGETED_DEVICE_FAMILY = "1,2";
			};
			name = Release;
		};
		A68499562B3461880003E5A9 /* Debug */ = {
			isa = XCBuildConfiguration;
			buildSettings = {
				ALWAYS_EMBED_SWIFT_STANDARD_LIBRARIES = YES;
				BUNDLE_LOADER = "$(TEST_HOST)";
				CODE_SIGN_STYLE = Automatic;
				CURRENT_PROJECT_VERSION = 1;
				GENERATE_INFOPLIST_FILE = YES;
				IPHONEOS_DEPLOYMENT_TARGET = 17.2;
				MACOSX_DEPLOYMENT_TARGET = 14.1;
				MARKETING_VERSION = 1.0;
				PRODUCT_BUNDLE_IDENTIFIER = test.BookingTests;
				PRODUCT_NAME = "$(TARGET_NAME)";
				SDKROOT = auto;
				SUPPORTED_PLATFORMS = "iphoneos iphonesimulator macosx";
				SWIFT_EMIT_LOC_STRINGS = NO;
				SWIFT_VERSION = 5.0;
				TARGETED_DEVICE_FAMILY = "1,2";
				TEST_HOST = "$(BUILT_PRODUCTS_DIR)/Booking.app/$(BUNDLE_EXECUTABLE_FOLDER_PATH)/Booking";
			};
			name = Debug;
		};
		A68499572B3461880003E5A9 /* Release */ = {
			isa = XCBuildConfiguration;
			buildSettings = {
				ALWAYS_EMBED_SWIFT_STANDARD_LIBRARIES = YES;
				BUNDLE_LOADER = "$(TEST_HOST)";
				CODE_SIGN_STYLE = Automatic;
				CURRENT_PROJECT_VERSION = 1;
				GENERATE_INFOPLIST_FILE = YES;
				IPHONEOS_DEPLOYMENT_TARGET = 17.2;
				MACOSX_DEPLOYMENT_TARGET = 14.1;
				MARKETING_VERSION = 1.0;
				PRODUCT_BUNDLE_IDENTIFIER = test.BookingTests;
				PRODUCT_NAME = "$(TARGET_NAME)";
				SDKROOT = auto;
				SUPPORTED_PLATFORMS = "iphoneos iphonesimulator macosx";
				SWIFT_EMIT_LOC_STRINGS = NO;
				SWIFT_VERSION = 5.0;
				TARGETED_DEVICE_FAMILY = "1,2";
				TEST_HOST = "$(BUILT_PRODUCTS_DIR)/Booking.app/$(BUNDLE_EXECUTABLE_FOLDER_PATH)/Booking";
			};
			name = Release;
		};
		A68499592B3461880003E5A9 /* Debug */ = {
			isa = XCBuildConfiguration;
			buildSettings = {
				ALWAYS_EMBED_SWIFT_STANDARD_LIBRARIES = YES;
				CODE_SIGN_STYLE = Automatic;
				CURRENT_PROJECT_VERSION = 1;
				GENERATE_INFOPLIST_FILE = YES;
				IPHONEOS_DEPLOYMENT_TARGET = 17.2;
				MACOSX_DEPLOYMENT_TARGET = 14.1;
				MARKETING_VERSION = 1.0;
				PRODUCT_BUNDLE_IDENTIFIER = test.BookingUITests;
				PRODUCT_NAME = "$(TARGET_NAME)";
				SDKROOT = auto;
				SUPPORTED_PLATFORMS = "iphoneos iphonesimulator macosx";
				SWIFT_EMIT_LOC_STRINGS = NO;
				SWIFT_VERSION = 5.0;
				TARGETED_DEVICE_FAMILY = "1,2";
				TEST_TARGET_NAME = Booking;
			};
			name = Debug;
		};
		A684995A2B3461880003E5A9 /* Release */ = {
			isa = XCBuildConfiguration;
			buildSettings = {
				ALWAYS_EMBED_SWIFT_STANDARD_LIBRARIES = YES;
				CODE_SIGN_STYLE = Automatic;
				CURRENT_PROJECT_VERSION = 1;
				GENERATE_INFOPLIST_FILE = YES;
				IPHONEOS_DEPLOYMENT_TARGET = 17.2;
				MACOSX_DEPLOYMENT_TARGET = 14.1;
				MARKETING_VERSION = 1.0;
				PRODUCT_BUNDLE_IDENTIFIER = test.BookingUITests;
				PRODUCT_NAME = "$(TARGET_NAME)";
				SDKROOT = auto;
				SUPPORTED_PLATFORMS = "iphoneos iphonesimulator macosx";
				SWIFT_EMIT_LOC_STRINGS = NO;
				SWIFT_VERSION = 5.0;
				TARGETED_DEVICE_FAMILY = "1,2";
				TEST_TARGET_NAME = Booking;
			};
			name = Release;
		};
/* End XCBuildConfiguration section */

/* Begin XCConfigurationList section */
		A68499282B3461870003E5A9 /* Build configuration list for PBXProject "Booking" */ = {
			isa = XCConfigurationList;
			buildConfigurations = (
				A68499502B3461880003E5A9 /* Debug */,
				A68499512B3461880003E5A9 /* Release */,
			);
			defaultConfigurationIsVisible = 0;
			defaultConfigurationName = Release;
		};
		A68499522B3461880003E5A9 /* Build configuration list for PBXNativeTarget "Booking" */ = {
			isa = XCConfigurationList;
			buildConfigurations = (
				A68499532B3461880003E5A9 /* Debug */,
				A68499542B3461880003E5A9 /* Release */,
			);
			defaultConfigurationIsVisible = 0;
			defaultConfigurationName = Release;
		};
		A68499552B3461880003E5A9 /* Build configuration list for PBXNativeTarget "BookingTests" */ = {
			isa = XCConfigurationList;
			buildConfigurations = (
				A68499562B3461880003E5A9 /* Debug */,
				A68499572B3461880003E5A9 /* Release */,
			);
			defaultConfigurationIsVisible = 0;
			defaultConfigurationName = Release;
		};
		A68499582B3461880003E5A9 /* Build configuration list for PBXNativeTarget "BookingUITests" */ = {
			isa = XCConfigurationList;
			buildConfigurations = (
				A68499592B3461880003E5A9 /* Debug */,
				A684995A2B3461880003E5A9 /* Release */,
			);
			defaultConfigurationIsVisible = 0;
			defaultConfigurationName = Release;
		};
/* End XCConfigurationList section */
	};
	rootObject = A68499252B3461870003E5A9 /* Project object */;
}
